// !$*UTF8*$!
{
	archiveVersion = 1;
	classes = {
	};
	objectVersion = 50;
	objects = {

/* Begin PBXBuildFile section */
		A74FC60422EC764D00529D2D /* AppDelegate.swift in Sources */ = {isa = PBXBuildFile; fileRef = A74FC60322EC764D00529D2D /* AppDelegate.swift */; };
		A74FC60922EC764D00529D2D /* Main.storyboard in Resources */ = {isa = PBXBuildFile; fileRef = A74FC60722EC764D00529D2D /* Main.storyboard */; };
		A74FC60B22EC764E00529D2D /* Assets.xcassets in Resources */ = {isa = PBXBuildFile; fileRef = A74FC60A22EC764E00529D2D /* Assets.xcassets */; };
		A74FC60E22EC764E00529D2D /* LaunchScreen.storyboard in Resources */ = {isa = PBXBuildFile; fileRef = A74FC60C22EC764E00529D2D /* LaunchScreen.storyboard */; };
		A74FC61622EC778900529D2D /* PreviewPage.swift in Sources */ = {isa = PBXBuildFile; fileRef = A74FC61522EC778900529D2D /* PreviewPage.swift */; };
		A74FC61A22ECA07200529D2D /* ArtCoverCell.swift in Sources */ = {isa = PBXBuildFile; fileRef = A74FC61922ECA07200529D2D /* ArtCoverCell.swift */; };
		A74FC61C22ECA51300529D2D /* DetailArtCoverVC.swift in Sources */ = {isa = PBXBuildFile; fileRef = A74FC61B22ECA51300529D2D /* DetailArtCoverVC.swift */; };
/* End PBXBuildFile section */

/* Begin PBXFileReference section */
		A74FC60022EC764D00529D2D /* ArtCover2.app */ = {isa = PBXFileReference; explicitFileType = wrapper.application; includeInIndex = 0; path = ArtCover2.app; sourceTree = BUILT_PRODUCTS_DIR; };
		A74FC60322EC764D00529D2D /* AppDelegate.swift */ = {isa = PBXFileReference; lastKnownFileType = sourcecode.swift; path = AppDelegate.swift; sourceTree = "<group>"; };
		A74FC60822EC764D00529D2D /* Base */ = {isa = PBXFileReference; lastKnownFileType = file.storyboard; name = Base; path = Base.lproj/Main.storyboard; sourceTree = "<group>"; };
		A74FC60A22EC764E00529D2D /* Assets.xcassets */ = {isa = PBXFileReference; lastKnownFileType = folder.assetcatalog; path = Assets.xcassets; sourceTree = "<group>"; };
		A74FC60D22EC764E00529D2D /* Base */ = {isa = PBXFileReference; lastKnownFileType = file.storyboard; name = Base; path = Base.lproj/LaunchScreen.storyboard; sourceTree = "<group>"; };
		A74FC60F22EC764E00529D2D /* Info.plist */ = {isa = PBXFileReference; lastKnownFileType = text.plist.xml; path = Info.plist; sourceTree = "<group>"; };
		A74FC61522EC778900529D2D /* PreviewPage.swift */ = {isa = PBXFileReference; lastKnownFileType = sourcecode.swift; path = PreviewPage.swift; sourceTree = "<group>"; };
		A74FC61922ECA07200529D2D /* ArtCoverCell.swift */ = {isa = PBXFileReference; lastKnownFileType = sourcecode.swift; path = ArtCoverCell.swift; sourceTree = "<group>"; };
		A74FC61B22ECA51300529D2D /* DetailArtCoverVC.swift */ = {isa = PBXFileReference; lastKnownFileType = sourcecode.swift; path = DetailArtCoverVC.swift; sourceTree = "<group>"; };
/* End PBXFileReference section */

/* Begin PBXFrameworksBuildPhase section */
		A74FC5FD22EC764D00529D2D /* Frameworks */ = {
			isa = PBXFrameworksBuildPhase;
			buildActionMask = 2147483647;
			files = (
			);
			runOnlyForDeploymentPostprocessing = 0;
		};
/* End PBXFrameworksBuildPhase section */

/* Begin PBXGroup section */
		A74FC5F722EC764D00529D2D = {
			isa = PBXGroup;
			children = (
				A74FC60222EC764D00529D2D /* ArtCover2 */,
				A74FC60122EC764D00529D2D /* Products */,
			);
			sourceTree = "<group>";
		};
		A74FC60122EC764D00529D2D /* Products */ = {
			isa = PBXGroup;
			children = (
				A74FC60022EC764D00529D2D /* ArtCover2.app */,
			);
			name = Products;
			sourceTree = "<group>";
		};
		A74FC60222EC764D00529D2D /* ArtCover2 */ = {
			isa = PBXGroup;
			children = (
				A74FC60322EC764D00529D2D /* AppDelegate.swift */,
				A74FC61522EC778900529D2D /* PreviewPage.swift */,
				A74FC61922ECA07200529D2D /* ArtCoverCell.swift */,
				A74FC61B22ECA51300529D2D /* DetailArtCoverVC.swift */,
				A74FC60722EC764D00529D2D /* Main.storyboard */,
				A74FC60A22EC764E00529D2D /* Assets.xcassets */,
				A74FC60C22EC764E00529D2D /* LaunchScreen.storyboard */,
				A74FC60F22EC764E00529D2D /* Info.plist */,
			);
			path = ArtCover2;
			sourceTree = "<group>";
		};
/* End PBXGroup section */

/* Begin PBXNativeTarget section */
		A74FC5FF22EC764D00529D2D /* ArtCover2 */ = {
			isa = PBXNativeTarget;
			buildConfigurationList = A74FC61222EC764E00529D2D /* Build configuration list for PBXNativeTarget "ArtCover2" */;
			buildPhases = (
				A74FC5FC22EC764D00529D2D /* Sources */,
				A74FC5FD22EC764D00529D2D /* Frameworks */,
				A74FC5FE22EC764D00529D2D /* Resources */,
			);
			buildRules = (
			);
			dependencies = (
			);
			name = ArtCover2;
			productName = ArtCover2;
			productReference = A74FC60022EC764D00529D2D /* ArtCover2.app */;
			productType = "com.apple.product-type.application";
		};
/* End PBXNativeTarget section */

/* Begin PBXProject section */
		A74FC5F822EC764D00529D2D /* Project object */ = {
			isa = PBXProject;
			attributes = {
				LastSwiftUpdateCheck = 1030;
				LastUpgradeCheck = 1030;
				ORGANIZATIONNAME = "Valentina Abramova";
				TargetAttributes = {
					A74FC5FF22EC764D00529D2D = {
						CreatedOnToolsVersion = 10.3;
					};
				};
			};
			buildConfigurationList = A74FC5FB22EC764D00529D2D /* Build configuration list for PBXProject "ArtCover2" */;
			compatibilityVersion = "Xcode 9.3";
			developmentRegion = en;
			hasScannedForEncodings = 0;
			knownRegions = (
				en,
				Base,
			);
			mainGroup = A74FC5F722EC764D00529D2D;
			productRefGroup = A74FC60122EC764D00529D2D /* Products */;
			projectDirPath = "";
			projectRoot = "";
			targets = (
				A74FC5FF22EC764D00529D2D /* ArtCover2 */,
			);
		};
/* End PBXProject section */

/* Begin PBXResourcesBuildPhase section */
		A74FC5FE22EC764D00529D2D /* Resources */ = {
			isa = PBXResourcesBuildPhase;
			buildActionMask = 2147483647;
			files = (
				A74FC60E22EC764E00529D2D /* LaunchScreen.storyboard in Resources */,
				A74FC60B22EC764E00529D2D /* Assets.xcassets in Resources */,
				A74FC60922EC764D00529D2D /* Main.storyboard in Resources */,
			);
			runOnlyForDeploymentPostprocessing = 0;
		};
/* End PBXResourcesBuildPhase section */

/* Begin PBXSourcesBuildPhase section */
		A74FC5FC22EC764D00529D2D /* Sources */ = {
			isa = PBXSourcesBuildPhase;
			buildActionMask = 2147483647;
			files = (
				A74FC60422EC764D00529D2D /* AppDelegate.swift in Sources */,
				A74FC61A22ECA07200529D2D /* ArtCoverCell.swift in Sources */,
				A74FC61622EC778900529D2D /* PreviewPage.swift in Sources */,
				A74FC61C22ECA51300529D2D /* DetailArtCoverVC.swift in Sources */,
			);
			runOnlyForDeploymentPostprocessing = 0;
		};
/* End PBXSourcesBuildPhase section */

/* Begin PBXVariantGroup section */
		A74FC60722EC764D00529D2D /* Main.storyboard */ = {
			isa = PBXVariantGroup;
			children = (
				A74FC60822EC764D00529D2D /* Base */,
			);
			name = Main.storyboard;
			sourceTree = "<group>";
		};
		A74FC60C22EC764E00529D2D /* LaunchScreen.storyboard */ = {
			isa = PBXVariantGroup;
			children = (
				A74FC60D22EC764E00529D2D /* Base */,
			);
			name = LaunchScreen.storyboard;
			sourceTree = "<group>";
		};
/* End PBXVariantGroup section */

/* Begin XCBuildConfiguration section */
		A74FC61022EC764E00529D2D /* Debug */ = {
			isa = XCBuildConfiguration;
			buildSettings = {
				ALWAYS_SEARCH_USER_PATHS = NO;
				CLANG_ANALYZER_NONNULL = YES;
				CLANG_ANALYZER_NUMBER_OBJECT_CONVERSION = YES_AGGRESSIVE;
				CLANG_CXX_LANGUAGE_STANDARD = "gnu++14";
				CLANG_CXX_LIBRARY = "libc++";
				CLANG_ENABLE_MODULES = YES;
				CLANG_ENABLE_OBJC_ARC = YES;
				CLANG_ENABLE_OBJC_WEAK = YES;
				CLANG_WARN_BLOCK_CAPTURE_AUTORELEASING = YES;
				CLANG_WARN_BOOL_CONVERSION = YES;
				CLANG_WARN_COMMA = YES;
				CLANG_WARN_CONSTANT_CONVERSION = YES;
				CLANG_WARN_DEPRECATED_OBJC_IMPLEMENTATIONS = YES;
				CLANG_WARN_DIRECT_OBJC_ISA_USAGE = YES_ERROR;
				CLANG_WARN_DOCUMENTATION_COMMENTS = YES;
				CLANG_WARN_EMPTY_BODY = YES;
				CLANG_WARN_ENUM_CONVERSION = YES;
				CLANG_WARN_INFINITE_RECURSION = YES;
				CLANG_WARN_INT_CONVERSION = YES;
				CLANG_WARN_NON_LITERAL_NULL_CONVERSION = YES;
				CLANG_WARN_OBJC_IMPLICIT_RETAIN_SELF = YES;
				CLANG_WARN_OBJC_LITERAL_CONVERSION = YES;
				CLANG_WARN_OBJC_ROOT_CLASS = YES_ERROR;
				CLANG_WARN_RANGE_LOOP_ANALYSIS = YES;
				CLANG_WARN_STRICT_PROTOTYPES = YES;
				CLANG_WARN_SUSPICIOUS_MOVE = YES;
				CLANG_WARN_UNGUARDED_AVAILABILITY = YES_AGGRESSIVE;
				CLANG_WARN_UNREACHABLE_CODE = YES;
				CLANG_WARN__DUPLICATE_METHOD_MATCH = YES;
				CODE_SIGN_IDENTITY = "iPhone Developer";
				COPY_PHASE_STRIP = NO;
				DEBUG_INFORMATION_FORMAT = dwarf;
				ENABLE_STRICT_OBJC_MSGSEND = YES;
				ENABLE_TESTABILITY = YES;
				GCC_C_LANGUAGE_STANDARD = gnu11;
				GCC_DYNAMIC_NO_PIC = NO;
				GCC_NO_COMMON_BLOCKS = YES;
				GCC_OPTIMIZATION_LEVEL = 0;
				GCC_PREPROCESSOR_DEFINITIONS = (
					"DEBUG=1",
					"$(inherited)",
				);
				GCC_WARN_64_TO_32_BIT_CONVERSION = YES;
				GCC_WARN_ABOUT_RETURN_TYPE = YES_ERROR;
				GCC_WARN_UNDECLARED_SELECTOR = YES;
				GCC_WARN_UNINITIALIZED_AUTOS = YES_AGGRESSIVE;
				GCC_WARN_UNUSED_FUNCTION = YES;
				GCC_WARN_UNUSED_VARIABLE = YES;
				IPHONEOS_DEPLOYMENT_TARGET = 12.4;
				MTL_ENABLE_DEBUG_INFO = INCLUDE_SOURCE;
				MTL_FAST_MATH = YES;
				ONLY_ACTIVE_ARCH = YES;
				SDKROOT = iphoneos;
				SWIFT_ACTIVE_COMPILATION_CONDITIONS = DEBUG;
				SWIFT_OPTIMIZATION_LEVEL = "-Onone";
			};
			name = Debug;
		};
		A74FC61122EC764E00529D2D /* Release */ = {
			isa = XCBuildConfiguration;
			buildSettings = {
				ALWAYS_SEARCH_USER_PATHS = NO;
				CLANG_ANALYZER_NONNULL = YES;
				CLANG_ANALYZER_NUMBER_OBJECT_CONVERSION = YES_AGGRESSIVE;
				CLANG_CXX_LANGUAGE_STANDARD = "gnu++14";
				CLANG_CXX_LIBRARY = "libc++";
				CLANG_ENABLE_MODULES = YES;
				CLANG_ENABLE_OBJC_ARC = YES;
				CLANG_ENABLE_OBJC_WEAK = YES;
				CLANG_WARN_BLOCK_CAPTURE_AUTORELEASING = YES;
				CLANG_WARN_BOOL_CONVERSION = YES;
				CLANG_WARN_COMMA = YES;
				CLANG_WARN_CONSTANT_CONVERSION = YES;
				CLANG_WARN_DEPRECATED_OBJC_IMPLEMENTATIONS = YES;
				CLANG_WARN_DIRECT_OBJC_ISA_USAGE = YES_ERROR;
				CLANG_WARN_DOCUMENTATION_COMMENTS = YES;
				CLANG_WARN_EMPTY_BODY = YES;
				CLANG_WARN_ENUM_CONVERSION = YES;
				CLANG_WARN_INFINITE_RECURSION = YES;
				CLANG_WARN_INT_CONVERSION = YES;
				CLANG_WARN_NON_LITERAL_NULL_CONVERSION = YES;
				CLANG_WARN_OBJC_IMPLICIT_RETAIN_SELF = YES;
				CLANG_WARN_OBJC_LITERAL_CONVERSION = YES;
				CLANG_WARN_OBJC_ROOT_CLASS = YES_ERROR;
				CLANG_WARN_RANGE_LOOP_ANALYSIS = YES;
				CLANG_WARN_STRICT_PROTOTYPES = YES;
				CLANG_WARN_SUSPICIOUS_MOVE = YES;
				CLANG_WARN_UNGUARDED_AVAILABILITY = YES_AGGRESSIVE;
				CLANG_WARN_UNREACHABLE_CODE = YES;
				CLANG_WARN__DUPLICATE_METHOD_MATCH = YES;
				CODE_SIGN_IDENTITY = "iPhone Developer";
				COPY_PHASE_STRIP = NO;
				DEBUG_INFORMATION_FORMAT = "dwarf-with-dsym";
				ENABLE_NS_ASSERTIONS = NO;
				ENABLE_STRICT_OBJC_MSGSEND = YES;
				GCC_C_LANGUAGE_STANDARD = gnu11;
				GCC_NO_COMMON_BLOCKS = YES;
				GCC_WARN_64_TO_32_BIT_CONVERSION = YES;
				GCC_WARN_ABOUT_RETURN_TYPE = YES_ERROR;
				GCC_WARN_UNDECLARED_SELECTOR = YES;
				GCC_WARN_UNINITIALIZED_AUTOS = YES_AGGRESSIVE;
				GCC_WARN_UNUSED_FUNCTION = YES;
				GCC_WARN_UNUSED_VARIABLE = YES;
				IPHONEOS_DEPLOYMENT_TARGET = 12.4;
				MTL_ENABLE_DEBUG_INFO = NO;
				MTL_FAST_MATH = YES;
				SDKROOT = iphoneos;
				SWIFT_COMPILATION_MODE = wholemodule;
				SWIFT_OPTIMIZATION_LEVEL = "-O";
				VALIDATE_PRODUCT = YES;
			};
			name = Release;
		};
		A74FC61322EC764E00529D2D /* Debug */ = {
			isa = XCBuildConfiguration;
			buildSettings = {
				ASSETCATALOG_COMPILER_APPICON_NAME = AppIcon;
				CODE_SIGN_STYLE = Automatic;
				DEVELOPMENT_TEAM = XJ45PTT4WB;
				INFOPLIST_FILE = ArtCover2/Info.plist;
				LD_RUNPATH_SEARCH_PATHS = (
					"$(inherited)",
					"@executable_path/Frameworks",
				);
				PRODUCT_BUNDLE_IDENTIFIER = ru.ayavalya.ArtCover2;
				PRODUCT_NAME = "$(TARGET_NAME)";
				SWIFT_VERSION = 5.0;
				TARGETED_DEVICE_FAMILY = "1,2";
			};
			name = Debug;
		};
		A74FC61422EC764E00529D2D /* Release */ = {
			isa = XCBuildConfiguration;
			buildSettings = {
				ASSETCATALOG_COMPILER_APPICON_NAME = AppIcon;
				CODE_SIGN_STYLE = Automatic;
				DEVELOPMENT_TEAM = XJ45PTT4WB;
				INFOPLIST_FILE = ArtCover2/Info.plist;
				LD_RUNPATH_SEARCH_PATHS = (
					"$(inherited)",
					"@executable_path/Frameworks",
				);
				PRODUCT_BUNDLE_IDENTIFIER = ru.ayavalya.ArtCover2;
				PRODUCT_NAME = "$(TARGET_NAME)";
				SWIFT_VERSION = 5.0;
				TARGETED_DEVICE_FAMILY = "1,2";
			};
			name = Release;
		};
/* End XCBuildConfiguration section */

/* Begin XCConfigurationList section */
		A74FC5FB22EC764D00529D2D /* Build configuration list for PBXProject "ArtCover2" */ = {
			isa = XCConfigurationList;
			buildConfigurations = (
				A74FC61022EC764E00529D2D /* Debug */,
				A74FC61122EC764E00529D2D /* Release */,
			);
			defaultConfigurationIsVisible = 0;
			defaultConfigurationName = Release;
		};
		A74FC61222EC764E00529D2D /* Build configuration list for PBXNativeTarget "ArtCover2" */ = {
			isa = XCConfigurationList;
			buildConfigurations = (
				A74FC61322EC764E00529D2D /* Debug */,
				A74FC61422EC764E00529D2D /* Release */,
			);
			defaultConfigurationIsVisible = 0;
			defaultConfigurationName = Release;
		};
/* End XCConfigurationList section */
	};
	rootObject = A74FC5F822EC764D00529D2D /* Project object */;
}
